// !$*UTF8*$!
{
 archiveVersion = 1;
 objectVersion = 56;
 objects = {
  ROOT = {isa = PBXProject; mainGroup = GROUP; buildConfigurationList = PROJECT_CONFIGS; targets = (MAC, IOS, MAC_SHARE, IOS_SHARE, WIDGET, SUBSCRIBE, MAC_TEST, IOS_TEST); };
  GROUP = {isa = PBXGroup; sourceTree = "<group>"; children = (MAIN_FILE, EXT_FILE, TEST_FILE, UNUSED_FILE, HEADER_FILE, VENDOR_FILE, DEBUG_FILE, RELEASE_FILE, MAC_CONFIG_FILE, IOS_CONFIG_FILE); };
  VENDOR_FILE = {isa = PBXFileReference; path = Vendor/GraphVendor.xcframework; sourceTree = "<group>"; };
  APP_FRAMEWORKS = {isa = PBXFrameworksBuildPhase; files = (APP_VENDOR); };
  APP_VENDOR = {isa = PBXBuildFile; fileRef = VENDOR_FILE; };
  HEADER_FILE = {isa = PBXFileReference; path = Sources/Reader.h; sourceTree = "<group>"; };
  APP_HEADERS = {isa = PBXHeadersBuildPhase; files = (APP_HEADER); };
  APP_HEADER = {isa = PBXBuildFile; fileRef = HEADER_FILE; settings = {ATTRIBUTES = (Public); }; };
  MAIN_FILE = {isa = PBXFileReference; path = Sources/main.swift; sourceTree = "<group>"; };
  EXT_FILE = {isa = PBXFileReference; path = Extensions/main.swift; sourceTree = "<group>"; };
  TEST_FILE = {isa = PBXFileReference; path = Tests/GraphTests.swift; sourceTree = "<group>"; };
  UNUSED_FILE = {isa = PBXFileReference; path = Sources/NotAMember.swift; sourceTree = "<group>"; };
  DEBUG_FILE = {isa = PBXFileReference; path = Config/Debug.xcconfig; sourceTree = "<group>"; };
  RELEASE_FILE = {isa = PBXFileReference; path = Config/Release.xcconfig; sourceTree = "<group>"; };
  MAC_CONFIG_FILE = {isa = PBXFileReference; path = Config/macOS.xcconfig; sourceTree = "<group>"; };
  IOS_CONFIG_FILE = {isa = PBXFileReference; path = Config/iOS.xcconfig; sourceTree = "<group>"; };
  PROJECT_CONFIGS = {isa = XCConfigurationList; buildConfigurations = (PROJECT_DEBUG, PROJECT_RELEASE); defaultConfigurationName = Debug; };
  PROJECT_DEBUG = {isa = XCBuildConfiguration; name = Debug; baseConfigurationReference = DEBUG_FILE; buildSettings = {}; };
  PROJECT_RELEASE = {isa = XCBuildConfiguration; name = Release; baseConfigurationReference = RELEASE_FILE; buildSettings = {}; };
  MAC_CONFIGS = {isa = XCConfigurationList; buildConfigurations = (MAC_DEBUG, MAC_RELEASE); defaultConfigurationName = Debug; };
  MAC_DEBUG = {isa = XCBuildConfiguration; name = Debug; baseConfigurationReference = MAC_CONFIG_FILE; buildSettings = {}; };
  MAC_RELEASE = {isa = XCBuildConfiguration; name = Release; baseConfigurationReference = MAC_CONFIG_FILE; buildSettings = {}; };
  IOS_CONFIGS = {isa = XCConfigurationList; buildConfigurations = (IOS_DEBUG, IOS_RELEASE); defaultConfigurationName = Debug; };
  IOS_DEBUG = {isa = XCBuildConfiguration; name = Debug; baseConfigurationReference = IOS_CONFIG_FILE; buildSettings = {}; };
  IOS_RELEASE = {isa = XCBuildConfiguration; name = Release; baseConfigurationReference = IOS_CONFIG_FILE; buildSettings = {}; };
  MAC_TEST_CONFIGS = {isa = XCConfigurationList; buildConfigurations = (MAC_TEST_DEBUG); defaultConfigurationName = Debug; };
  MAC_TEST_DEBUG = {isa = XCBuildConfiguration; name = Debug; baseConfigurationReference = MAC_CONFIG_FILE; buildSettings = {TEST_HOST = "$(BUILT_PRODUCTS_DIR)/NetNewsWire.app/Contents/MacOS/NetNewsWire"; }; };
  IOS_TEST_CONFIGS = {isa = XCConfigurationList; buildConfigurations = (IOS_TEST_DEBUG); defaultConfigurationName = Debug; };
  IOS_TEST_DEBUG = {isa = XCBuildConfiguration; name = Debug; baseConfigurationReference = IOS_CONFIG_FILE; buildSettings = {TEST_HOST = "$(BUILT_PRODUCTS_DIR)/NetNewsWire-iOS.app/NetNewsWire-iOS"; }; };
  APP_SOURCES = {isa = PBXSourcesBuildPhase; files = (APP_SOURCE); };
  APP_SOURCE = {isa = PBXBuildFile; fileRef = MAIN_FILE; };
  EXT_SOURCES = {isa = PBXSourcesBuildPhase; files = (EXT_SOURCE); };
  EXT_SOURCE = {isa = PBXBuildFile; fileRef = EXT_FILE; };
  TEST_SOURCES = {isa = PBXSourcesBuildPhase; files = (TEST_SOURCE); };
  TEST_SOURCE = {isa = PBXBuildFile; fileRef = TEST_FILE; };
  ACCOUNT_PRODUCT = {isa = XCSwiftPackageProductDependency; productName = Account; };
  CORE_PRODUCT = {isa = XCSwiftPackageProductDependency; productName = RSCore; };
  DEP_MAC_SHARE = {isa = PBXTargetDependency; target = MAC_SHARE; };
  DEP_SUBSCRIBE = {isa = PBXTargetDependency; target = SUBSCRIBE; };
  DEP_IOS_SHARE = {isa = PBXTargetDependency; target = IOS_SHARE; };
  DEP_WIDGET = {isa = PBXTargetDependency; target = WIDGET; };
  DEP_MAC = {isa = PBXTargetDependency; target = MAC; };
  DEP_IOS = {isa = PBXTargetDependency; target = IOS; };
  MAC = {isa = PBXNativeTarget; name = NetNewsWire; productType = "com.apple.product-type.application"; buildConfigurationList = MAC_CONFIGS; buildPhases = (APP_SOURCES, APP_HEADERS, APP_FRAMEWORKS); dependencies = (DEP_MAC_SHARE, DEP_SUBSCRIBE); packageProductDependencies = (ACCOUNT_PRODUCT); };
  IOS = {isa = PBXNativeTarget; name = "NetNewsWire-iOS"; productType = "com.apple.product-type.application"; buildConfigurationList = IOS_CONFIGS; buildPhases = (APP_SOURCES, APP_HEADERS, APP_FRAMEWORKS); dependencies = (DEP_IOS_SHARE, DEP_WIDGET); packageProductDependencies = (ACCOUNT_PRODUCT); };
  MAC_SHARE = {isa = PBXNativeTarget; name = "NetNewsWire Share Extension"; productType = "com.apple.product-type.app-extension"; buildConfigurationList = MAC_CONFIGS; buildPhases = (EXT_SOURCES); dependencies = (); packageProductDependencies = (CORE_PRODUCT); };
  IOS_SHARE = {isa = PBXNativeTarget; name = "NetNewsWire iOS Share Extension"; productType = "com.apple.product-type.app-extension"; buildConfigurationList = IOS_CONFIGS; buildPhases = (EXT_SOURCES); dependencies = (); packageProductDependencies = (CORE_PRODUCT); };
  WIDGET = {isa = PBXNativeTarget; name = "NetNewsWire iOS Widget Extension"; productType = "com.apple.product-type.app-extension"; buildConfigurationList = IOS_CONFIGS; buildPhases = (EXT_SOURCES); dependencies = (); packageProductDependencies = (CORE_PRODUCT); };
  SUBSCRIBE = {isa = PBXNativeTarget; name = "Subscribe to Feed"; productType = "com.apple.product-type.app-extension"; buildConfigurationList = MAC_CONFIGS; buildPhases = (EXT_SOURCES); dependencies = (); packageProductDependencies = (CORE_PRODUCT); };
  MAC_TEST = {isa = PBXNativeTarget; name = NetNewsWireTests; productType = "com.apple.product-type.bundle.unit-test"; buildConfigurationList = MAC_TEST_CONFIGS; buildPhases = (TEST_SOURCES); dependencies = (DEP_MAC); packageProductDependencies = (ACCOUNT_PRODUCT); };
  IOS_TEST = {isa = PBXNativeTarget; name = "NetNewsWire-iOSTests"; productType = "com.apple.product-type.bundle.unit-test"; buildConfigurationList = IOS_TEST_CONFIGS; buildPhases = (TEST_SOURCES); dependencies = (DEP_IOS); packageProductDependencies = (ACCOUNT_PRODUCT); };
 };
 rootObject = ROOT;
}
