# This file is automatically @generated by Cargo.
# It is not intended for manual editing.
version = 4

[[package]]
name = "mise"
version = "0.1.0"
dependencies = [
 "mise-cache-core",
 "mise-registry",
]

[[package]]
name = "mise-cache-core"
version = "0.1.0"

[[package]]
name = "mise-registry"
version = "0.1.0"
